PODS:
  - OXXKnowPlayer (0.1.0):
    - SnapKit (~> 4.2.0)
  - SnapKit (4.2.0)

DEPENDENCIES:
  - OXXKnowPlayer (from `../`)
  - SnapKit (~> 4.2.0)

SPEC REPOS:
  trunk:
    - SnapKit

EXTERNAL SOURCES:
  OXXKnowPlayer:
    :path: "../"

SPEC CHECKSUMS:
  OXXKnowPlayer: 7376ba2ac84277731a7504f45fee033b2950b08c
  SnapKit: fe8a619752f3f27075cc9a90244d75c6c3f27e2a

PODFILE CHECKSUM: 59e2b88f4a4cb5ab633e83df6c5020d24b6366c7

COCOAPODS: 1.11.2
